
Microsoft Visual Studio Solution File, Format Version 12.00
# Visual Studio Version 16
VisualStudioVersion = 16.0.30717.126
MinimumVisualStudioVersion = 10.0.40219.1
Project("{9A19103F-16F7-4668-BE54-9A1E7A4F7556}") = "MonoCecilExtensions", "MonoCecilExtensions\MonoCecilExtensions.csproj", "{862C7C15-EC5F-4A0E-B985-85CA5401CF2C}"
EndProject
Project("{9A19103F-16F7-4668-BE54-9A1E7A4F7556}") = "MonoCecilExtensions.Tests", "MonoCecilExtensions.Tests\MonoCecilExtensions.Tests.csproj", "{4A58D7F4-DE89-44AE-9934-F927AC89F933}"
EndProject
Global
	GlobalSection(SolutionConfigurationPlatforms) = preSolution
		Debug|Any CPU = Debug|Any CPU
		Release|Any CPU = Release|Any CPU
	EndGlobalSection
	GlobalSection(ProjectConfigurationPlatforms) = postSolution
		{862C7C15-EC5F-4A0E-B985-85CA5401CF2C}.Debug|Any CPU.ActiveCfg = Debug|Any CPU
		{862C7C15-EC5F-4A0E-B985-85CA5401CF2C}.Debug|Any CPU.Build.0 = Debug|Any CPU
		{862C7C15-EC5F-4A0E-B985-85CA5401CF2C}.Release|Any CPU.ActiveCfg = Release|Any CPU
		{862C7C15-EC5F-4A0E-B985-85CA5401CF2C}.Release|Any CPU.Build.0 = Release|Any CPU
		{4A58D7F4-DE89-44AE-9934-F927AC89F933}.Debug|Any CPU.ActiveCfg = Debug|Any CPU
		{4A58D7F4-DE89-44AE-9934-F927AC89F933}.Debug|Any CPU.Build.0 = Debug|Any CPU
		{4A58D7F4-DE89-44AE-9934-F927AC89F933}.Release|Any CPU.ActiveCfg = Release|Any CPU
		{4A58D7F4-DE89-44AE-9934-F927AC89F933}.Release|Any CPU.Build.0 = Release|Any CPU
	EndGlobalSection
	GlobalSection(SolutionProperties) = preSolution
		HideSolutionNode = FALSE
	EndGlobalSection
	GlobalSection(ExtensibilityGlobals) = postSolution
		SolutionGuid = {97EE42A2-1BE5-4EE8-A7F9-0319622B1AF4}
	EndGlobalSection
EndGlobal
